
Microsoft Visual Studio Solution File, Format Version 12.00
# Visual Studio Version 17
VisualStudioVersion = 17.9.34616.47
MinimumVisualStudioVersion = 10.0.40219.1
Project("{9A19103F-16F7-4668-BE54-9A1E7A4F7556}") = "Svetlina", "Svetlina\Svetlina.csproj", "{9F879735-4BAE-4027-811A-2CC6085D6194}"
EndProject
Global
	GlobalSection(SolutionConfigurationPlatforms) = preSolution
		Debug|Any CPU = Debug|Any CPU
		Release|Any CPU = Release|Any CPU
	EndGlobalSection
	GlobalSection(ProjectConfigurationPlatforms) = postSolution
		{9F879735-4BAE-4027-811A-2CC6085D6194}.Debug|Any CPU.ActiveCfg = Debug|Any CPU
		{9F879735-4BAE-4027-811A-2CC6085D6194}.Debug|Any CPU.Build.0 = Debug|Any CPU
		{9F879735-4BAE-4027-811A-2CC6085D6194}.Release|Any CPU.ActiveCfg = Release|Any CPU
		{9F879735-4BAE-4027-811A-2CC6085D6194}.Release|Any CPU.Build.0 = Release|Any CPU
	EndGlobalSection
	GlobalSection(SolutionProperties) = preSolution
		HideSolutionNode = FALSE
	EndGlobalSection
	GlobalSection(ExtensibilityGlobals) = postSolution
		SolutionGuid = {611C1300-D77A-4657-884F-6F56B5BC8CF0}
	EndGlobalSection
EndGlobal
